# THIS IS AN AUTOGENERATED FILE. DO NOT EDIT THIS FILE DIRECTLY.
# yarn lockfile v1


"@cspotcode/source-map-consumer@0.8.0":
  "integrity" "sha512-41qniHzTU8yAGbCp04ohlmSrZf8bkf/iJsl3V0dRGsQN/5GFfx+LbCSsCpp2gqrqjTVg/K6O8ycoV35JIwAzAg=="
  "resolved" "https://registry.npmjs.org/@cspotcode/source-map-consumer/-/source-map-consumer-0.8.0.tgz"
  "version" "0.8.0"

"@cspotcode/source-map-support@0.7.0":
  "integrity" "sha512-X4xqRHqN8ACt2aHVe51OxeA2HjbcL4MqFqXkrmQszJ1NOUuUu5u6Vqx/0lZSVNku7velL5FC/s5uEAj1lsBMhA=="
  "resolved" "https://registry.npmjs.org/@cspotcode/source-map-support/-/source-map-support-0.7.0.tgz"
  "version" "0.7.0"
  dependencies:
    "@cspotcode/source-map-consumer" "0.8.0"

"@tsconfig/node10@^1.0.7":
  "integrity" "sha512-6XFfSQmMgq0CFLY1MslA/CPUfhIL919M1rMsa5lP2P097N2Wd1sSX0tx1u4olM16fLNhtHZpRhedZJphNJqmZg=="
  "resolved" "https://registry.npmjs.org/@tsconfig/node10/-/node10-1.0.8.tgz"
  "version" "1.0.8"

"@tsconfig/node12@^1.0.7":
  "integrity" "sha512-/yBMcem+fbvhSREH+s14YJi18sp7J9jpuhYByADT2rypfajMZZN4WQ6zBGgBKp53NKmqI36wFYDb3yaMPurITw=="
  "resolved" "https://registry.npmjs.org/@tsconfig/node12/-/node12-1.0.9.tgz"
  "version" "1.0.9"

"@tsconfig/node14@^1.0.0":
  "integrity" "sha512-509r2+yARFfHHE7T6Puu2jjkoycftovhXRqW328PDXTVGKihlb1P8Z9mMZH04ebyajfRY7dedfGynlrFHJUQCg=="
  "resolved" "https://registry.npmjs.org/@tsconfig/node14/-/node14-1.0.1.tgz"
  "version" "1.0.1"

"@tsconfig/node16@^1.0.2":
  "integrity" "sha512-eZxlbI8GZscaGS7kkc/trHTT5xgrjH3/1n2JDwusC9iahPKWMRvRjJSAN5mCXviuTGQ/lHnhvv8Q1YTpnfz9gA=="
  "resolved" "https://registry.npmjs.org/@tsconfig/node16/-/node16-1.0.2.tgz"
  "version" "1.0.2"

"@types/d3-array@*":
  "integrity" "sha512-5mjGjz6XOXKOCdTajXTZ/pMsg236RdiwKPrRPWAEf/2S/+PzwY+LLYShUpeysWaMvsdS7LArh6GdUefoxpchsQ=="
  "resolved" "https://registry.npmjs.org/@types/d3-array/-/d3-array-3.0.2.tgz"
  "version" "3.0.2"

"@types/d3-axis@*":
  "integrity" "sha512-zji/iIbdd49g9WN0aIsGcwcTBUkgLsCSwB+uH+LPVDAiKWENMtI3cJEWt+7/YYwelMoZmbBfzA3qCdrZ2XFNnw=="
  "resolved" "https://registry.npmjs.org/@types/d3-axis/-/d3-axis-3.0.1.tgz"
  "version" "3.0.1"
  dependencies:
    "@types/d3-selection" "*"

"@types/d3-brush@*":
  "integrity" "sha512-B532DozsiTuQMHu2YChdZU0qsFJSio3Q6jmBYGYNp3gMDzBmuFFgPt9qKA4VYuLZMp4qc6eX7IUFUEsvHiXZAw=="
  "resolved" "https://registry.npmjs.org/@types/d3-brush/-/d3-brush-3.0.1.tgz"
  "version" "3.0.1"
  dependencies:
    "@types/d3-selection" "*"

"@types/d3-chord@*":
  "integrity" "sha512-eQfcxIHrg7V++W8Qxn6QkqBNBokyhdWSAS73AbkbMzvLQmVVBviknoz2SRS/ZJdIOmhcmmdCRE/NFOm28Z1AMw=="
  "resolved" "https://registry.npmjs.org/@types/d3-chord/-/d3-chord-3.0.1.tgz"
  "version" "3.0.1"

"@types/d3-color@*":
  "integrity" "sha512-WVx6zBiz4sWlboCy7TCgjeyHpNjMsoF36yaagny1uXfbadc9f+5BeBf7U+lRmQqY3EHbGQpP8UdW8AC+cywSwQ=="
  "resolved" "https://registry.npmjs.org/@types/d3-color/-/d3-color-3.0.2.tgz"
  "version" "3.0.2"

"@types/d3-contour@*":
  "integrity" "sha512-C3zfBrhHZvrpAAK3YXqLWVAGo87A4SvJ83Q/zVJ8rFWJdKejUnDYaWZPkA8K84kb2vDA/g90LTQAz7etXcgoQQ=="
  "resolved" "https://registry.npmjs.org/@types/d3-contour/-/d3-contour-3.0.1.tgz"
  "version" "3.0.1"
  dependencies:
    "@types/d3-array" "*"
    "@types/geojson" "*"

"@types/d3-delaunay@*":
  "integrity" "sha512-iGm7ZaGLq11RK3e69VeMM6Oqj2SjKUB9Qhcyd1zIcqn2uE8w9GFB445yCY46NOQO3ByaNyktX1DK+Etz7ZaX+w=="
  "resolved" "https://registry.npmjs.org/@types/d3-delaunay/-/d3-delaunay-6.0.0.tgz"
  "version" "6.0.0"

"@types/d3-dispatch@*":
  "integrity" "sha512-NhxMn3bAkqhjoxabVJWKryhnZXXYYVQxaBnbANu0O94+O/nX9qSjrA1P1jbAQJxJf+VC72TxDX/YJcKue5bRqw=="
  "resolved" "https://registry.npmjs.org/@types/d3-dispatch/-/d3-dispatch-3.0.1.tgz"
  "version" "3.0.1"

"@types/d3-drag@*":
  "integrity" "sha512-o1Va7bLwwk6h03+nSM8dpaGEYnoIG19P0lKqlic8Un36ymh9NSkNFX1yiXMKNMx8rJ0Kfnn2eovuFaL6Jvj0zA=="
  "resolved" "https://registry.npmjs.org/@types/d3-drag/-/d3-drag-3.0.1.tgz"
  "version" "3.0.1"
  dependencies:
    "@types/d3-selection" "*"

"@types/d3-dsv@*":
  "integrity" "sha512-o0/7RlMl9p5n6FQDptuJVMxDf/7EDEv2SYEO/CwdG2tr1hTfUVi0Iavkk2ax+VpaQ/1jVhpnj5rq1nj8vwhn2A=="
  "resolved" "https://registry.npmjs.org/@types/d3-dsv/-/d3-dsv-3.0.0.tgz"
  "version" "3.0.0"

"@types/d3-ease@*":
  "integrity" "sha512-aMo4eaAOijJjA6uU+GIeW018dvy9+oH5Y2VPPzjjfxevvGQ/oRDs+tfYC9b50Q4BygRR8yE2QCLsrT0WtAVseA=="
  "resolved" "https://registry.npmjs.org/@types/d3-ease/-/d3-ease-3.0.0.tgz"
  "version" "3.0.0"

"@types/d3-fetch@*":
  "integrity" "sha512-toZJNOwrOIqz7Oh6Q7l2zkaNfXkfR7mFSJvGvlD/Ciq/+SQ39d5gynHJZ/0fjt83ec3WL7+u3ssqIijQtBISsw=="
  "resolved" "https://registry.npmjs.org/@types/d3-fetch/-/d3-fetch-3.0.1.tgz"
  "version" "3.0.1"
  dependencies:
    "@types/d3-dsv" "*"

"@types/d3-force@*":
  "integrity" "sha512-z8GteGVfkWJMKsx6hwC3SiTSLspL98VNpmvLpEFJQpZPq6xpA1I8HNBDNSpukfK0Vb0l64zGFhzunLgEAcBWSA=="
  "resolved" "https://registry.npmjs.org/@types/d3-force/-/d3-force-3.0.3.tgz"
  "version" "3.0.3"

"@types/d3-format@*":
  "integrity" "sha512-5KY70ifCCzorkLuIkDe0Z9YTf9RR2CjBX1iaJG+rgM/cPP+sO+q9YdQ9WdhQcgPj1EQiJ2/0+yUkkziTG6Lubg=="
  "resolved" "https://registry.npmjs.org/@types/d3-format/-/d3-format-3.0.1.tgz"
  "version" "3.0.1"

"@types/d3-geo@*":
  "integrity" "sha512-DbqK7MLYA8LpyHQfv6Klz0426bQEf7bRTvhMy44sNGVyZoWn//B0c+Qbeg8Osi2Obdc9BLLXYAKpyWege2/7LQ=="
  "resolved" "https://registry.npmjs.org/@types/d3-geo/-/d3-geo-3.0.2.tgz"
  "version" "3.0.2"
  dependencies:
    "@types/geojson" "*"

"@types/d3-hierarchy@*":
  "integrity" "sha512-+krnrWOZ+aQB6v+E+jEkmkAx9HvsNAD+1LCD0vlBY3t+HwjKnsBFbpVLx6WWzDzCIuiTWdAxXMEnGnVXpB09qQ=="
  "resolved" "https://registry.npmjs.org/@types/d3-hierarchy/-/d3-hierarchy-3.0.2.tgz"
  "version" "3.0.2"

"@types/d3-interpolate@*":
  "integrity" "sha512-jx5leotSeac3jr0RePOH1KdR9rISG91QIE4Q2PYTu4OymLTZfA3SrnURSLzKH48HmXVUru50b8nje4E79oQSQw=="
  "resolved" "https://registry.npmjs.org/@types/d3-interpolate/-/d3-interpolate-3.0.1.tgz"
  "version" "3.0.1"
  dependencies:
    "@types/d3-color" "*"

"@types/d3-path@*":
  "integrity" "sha512-0g/A+mZXgFkQxN3HniRDbXMN79K3CdTpLsevj+PXiTcb2hVyvkZUBg37StmgCQkaD84cUJ4uaDAWq7UJOQy2Tg=="
  "resolved" "https://registry.npmjs.org/@types/d3-path/-/d3-path-3.0.0.tgz"
  "version" "3.0.0"

"@types/d3-polygon@*":
  "integrity" "sha512-D49z4DyzTKXM0sGKVqiTDTYr+DHg/uxsiWDAkNrwXYuiZVd9o9wXZIo+YsHkifOiyBkmSWlEngHCQme54/hnHw=="
  "resolved" "https://registry.npmjs.org/@types/d3-polygon/-/d3-polygon-3.0.0.tgz"
  "version" "3.0.0"

"@types/d3-quadtree@*":
  "integrity" "sha512-QNcK8Jguvc8lU+4OfeNx+qnVy7c0VrDJ+CCVFS9srBo2GL9Y18CnIxBdTF3v38flrGy5s1YggcoAiu6s4fLQIw=="
  "resolved" "https://registry.npmjs.org/@types/d3-quadtree/-/d3-quadtree-3.0.2.tgz"
  "version" "3.0.2"

"@types/d3-random@*":
  "integrity" "sha512-IIE6YTekGczpLYo/HehAy3JGF1ty7+usI97LqraNa8IiDur+L44d0VOjAvFQWJVdZOJHukUJw+ZdZBlgeUsHOQ=="
  "resolved" "https://registry.npmjs.org/@types/d3-random/-/d3-random-3.0.1.tgz"
  "version" "3.0.1"

"@types/d3-scale-chromatic@*":
  "integrity" "sha512-dsoJGEIShosKVRBZB0Vo3C8nqSDqVGujJU6tPznsBJxNJNwMF8utmS83nvCBKQYPpjCzaaHcrf66iTRpZosLPw=="
  "resolved" "https://registry.npmjs.org/@types/d3-scale-chromatic/-/d3-scale-chromatic-3.0.0.tgz"
  "version" "3.0.0"

"@types/d3-scale@*":
  "integrity" "sha512-Yk4htunhPAwN0XGlIwArRomOjdoBFXC3+kCxK2Ubg7I9shQlVSJy/pG/Ht5ASN+gdMIalpk8TJ5xV74jFsetLA=="
  "resolved" "https://registry.npmjs.org/@types/d3-scale/-/d3-scale-4.0.2.tgz"
  "version" "4.0.2"
  dependencies:
    "@types/d3-time" "*"

"@types/d3-selection@*":
  "integrity" "sha512-d29EDd0iUBrRoKhPndhDY6U/PYxOWqgIZwKTooy2UkBfU7TNZNpRho0yLWPxlatQrFWk2mnTu71IZQ4+LRgKlQ=="
  "resolved" "https://registry.npmjs.org/@types/d3-selection/-/d3-selection-3.0.2.tgz"
  "version" "3.0.2"

"@types/d3-shape@*":
  "integrity" "sha512-5+ButCmIfNX8id5seZ7jKj3igdcxx+S9IDBiT35fQGTLZUfkFgTv+oBH34xgeoWDKpWcMITSzBILWQtBoN5Piw=="
  "resolved" "https://registry.npmjs.org/@types/d3-shape/-/d3-shape-3.0.2.tgz"
  "version" "3.0.2"
  dependencies:
    "@types/d3-path" "*"

"@types/d3-time-format@*":
  "integrity" "sha512-yjfBUe6DJBsDin2BMIulhSHmr5qNR5Pxs17+oW4DoVPyVIXZ+m6bs7j1UVKP08Emv6jRmYrYqxYzO63mQxy1rw=="
  "resolved" "https://registry.npmjs.org/@types/d3-time-format/-/d3-time-format-4.0.0.tgz"
  "version" "4.0.0"

"@types/d3-time@*":
  "integrity" "sha512-sZLCdHvBUcNby1cB6Fd3ZBrABbjz3v1Vm90nysCQ6Vt7vd6e/h9Lt7SiJUoEX0l4Dzc7P5llKyhqSi1ycSf1Hg=="
  "resolved" "https://registry.npmjs.org/@types/d3-time/-/d3-time-3.0.0.tgz"
  "version" "3.0.0"

"@types/d3-timer@*":
  "integrity" "sha512-HNB/9GHqu7Fo8AQiugyJbv6ZxYz58wef0esl4Mv828w1ZKpAshw/uFWVDUcIB9KKFeFKoxS3cHY07FFgtTRZ1g=="
  "resolved" "https://registry.npmjs.org/@types/d3-timer/-/d3-timer-3.0.0.tgz"
  "version" "3.0.0"

"@types/d3-transition@*":
  "integrity" "sha512-Sv4qEI9uq3bnZwlOANvYK853zvpdKEm1yz9rcc8ZTsxvRklcs9Fx4YFuGA3gXoQN/c/1T6QkVNjhaRO/cWj94g=="
  "resolved" "https://registry.npmjs.org/@types/d3-transition/-/d3-transition-3.0.1.tgz"
  "version" "3.0.1"
  dependencies:
    "@types/d3-selection" "*"

"@types/d3-zoom@*":
  "integrity" "sha512-7s5L9TjfqIYQmQQEUcpMAcBOahem7TRoSO/+Gkz02GbMVuULiZzjF2BOdw291dbO2aNon4m2OdFsRGaCq2caLQ=="
  "resolved" "https://registry.npmjs.org/@types/d3-zoom/-/d3-zoom-3.0.1.tgz"
  "version" "3.0.1"
  dependencies:
    "@types/d3-interpolate" "*"
    "@types/d3-selection" "*"

"@types/d3@7.1.0":
  "integrity" "sha512-gYWvgeGjEl+zmF8c+U1RNIKqe7sfQwIXeLXO5Os72TjDjCEtgpvGBvZ8dXlAuSS1m6B90Y1Uo6Bm36OGR/OtCA=="
  "resolved" "https://registry.npmjs.org/@types/d3/-/d3-7.1.0.tgz"
  "version" "7.1.0"
  dependencies:
    "@types/d3-array" "*"
    "@types/d3-axis" "*"
    "@types/d3-brush" "*"
    "@types/d3-chord" "*"
    "@types/d3-color" "*"
    "@types/d3-contour" "*"
    "@types/d3-delaunay" "*"
    "@types/d3-dispatch" "*"
    "@types/d3-drag" "*"
    "@types/d3-dsv" "*"
    "@types/d3-ease" "*"
    "@types/d3-fetch" "*"
    "@types/d3-force" "*"
    "@types/d3-format" "*"
    "@types/d3-geo" "*"
    "@types/d3-hierarchy" "*"
    "@types/d3-interpolate" "*"
    "@types/d3-path" "*"
    "@types/d3-polygon" "*"
    "@types/d3-quadtree" "*"
    "@types/d3-random" "*"
    "@types/d3-scale" "*"
    "@types/d3-scale-chromatic" "*"
    "@types/d3-selection" "*"
    "@types/d3-shape" "*"
    "@types/d3-time" "*"
    "@types/d3-time-format" "*"
    "@types/d3-timer" "*"
    "@types/d3-transition" "*"
    "@types/d3-zoom" "*"

"@types/geojson@*":
  "integrity" "sha512-1rkryxURpr6aWP7R786/UQOkJ3PcpQiWkAXBmdWc7ryFWqN6a4xfK7BtjXvFBKO9LjQ+MWQSWxYeZX1OApnArA=="
  "resolved" "https://registry.npmjs.org/@types/geojson/-/geojson-7946.0.8.tgz"
  "version" "7946.0.8"

"acorn-walk@^8.1.1":
  "integrity" "sha512-k+iyHEuPgSw6SbuDpGQM+06HQUa04DZ3o+F6CSzXMvvI5KMvnaEqXe+YVe555R9nn6GPt404fos4wcgpw12SDA=="
  "resolved" "https://registry.npmjs.org/acorn-walk/-/acorn-walk-8.2.0.tgz"
  "version" "8.2.0"

"acorn@^8.4.1":
  "integrity" "sha512-V/LGr1APy+PXIwKebEWrkZPwoeoF+w1jiOBUmuxuiUIaOHtob8Qc9BTrYo7VuI5fR8tqsy+buA2WFooR5olqvQ=="
  "resolved" "https://registry.npmjs.org/acorn/-/acorn-8.7.0.tgz"
  "version" "8.7.0"

"arg@^4.1.0":
  "integrity" "sha512-58S9QDqG0Xx27YwPSt9fJxivjYl432YCwfDMfZ+71RAqUrZef7LrKQZ3LHLOwCS4FLNBplP533Zx895SeOCHvA=="
  "resolved" "https://registry.npmjs.org/arg/-/arg-4.1.3.tgz"
  "version" "4.1.3"

"create-require@^1.1.0":
  "integrity" "sha512-dcKFX3jn0MpIaXjisoRvexIJVEKzaq7z2rZKxf+MSr9TkdmHmsU4m2lcLojrj/FHl8mk5VxMmYA+ftRkP/3oKQ=="
  "resolved" "https://registry.npmjs.org/create-require/-/create-require-1.1.1.tgz"
  "version" "1.1.1"

"d3-color@^3.0.1":
  "integrity" "sha512-6/SlHkDOBLyQSJ1j1Ghs82OIUXpKWlR0hCsw0XrLSQhuUPuCSmLQ1QPH98vpnQxMUQM2/gfAkUEWsupVpd9JGw=="
  "resolved" "https://registry.npmjs.org/d3-color/-/d3-color-3.0.1.tgz"
  "version" "3.0.1"

"d3-hierarchy@^3.1.1":
  "integrity" "sha512-LtAIu54UctRmhGKllleflmHalttH3zkfSi4NlKrTAoFKjC+AFBJohsCAdgCBYQwH0F8hIOGY89X1pPqAchlMkA=="
  "resolved" "https://registry.npmjs.org/d3-hierarchy/-/d3-hierarchy-3.1.1.tgz"
  "version" "3.1.1"

"diff@^4.0.1":
  "integrity" "sha512-58lmxKSA4BNyLz+HHMUzlOEpg09FV+ev6ZMe3vJihgdxzgcwZ8VoEEPmALCZG9LmqfVoNMMKpttIYTVG6uDY7A=="
  "resolved" "https://registry.npmjs.org/diff/-/diff-4.0.2.tgz"
  "version" "4.0.2"

"eslint-config-prettier@8.3.0":
  "integrity" "sha512-BgZuLUSeKzvlL/VUjx/Yb787VQ26RU3gGjA3iiFvdsp/2bMfVIWUVP7tjxtjS0e+HP409cPlPvNkQloz8C91ew=="
  "resolved" "https://registry.npmjs.org/eslint-config-prettier/-/eslint-config-prettier-8.3.0.tgz"
  "version" "8.3.0"

"make-error@^1.1.1":
  "integrity" "sha512-s8UhlNe7vPKomQhC1qFelMokr/Sc3AgNbso3n74mVPA5LTZwkB9NlXf4XPamLxJE8h0gh73rM94xvwRT2CVInw=="
  "resolved" "https://registry.npmjs.org/make-error/-/make-error-1.3.6.tgz"
  "version" "1.3.6"

"prettier@2.5.1":
  "integrity" "sha512-vBZcPRUR5MZJwoyi3ZoyQlc1rXeEck8KgeC9AwwOn+exuxLxq5toTRDTSaVrXHxelDMHy9zlicw8u66yxoSUFg=="
  "resolved" "https://registry.npmjs.org/prettier/-/prettier-2.5.1.tgz"
  "version" "2.5.1"

"ts-node@10.4.0":
  "integrity" "sha512-g0FlPvvCXSIO1JDF6S232P5jPYqBkRL9qly81ZgAOSU7rwI0stphCgd2kLiCrU9DjQCrJMWEqcNSjQL02s6d8A=="
  "resolved" "https://registry.npmjs.org/ts-node/-/ts-node-10.4.0.tgz"
  "version" "10.4.0"
  dependencies:
    "@cspotcode/source-map-support" "0.7.0"
    "@tsconfig/node10" "^1.0.7"
    "@tsconfig/node12" "^1.0.7"
    "@tsconfig/node14" "^1.0.0"
    "@tsconfig/node16" "^1.0.2"
    "acorn" "^8.4.1"
    "acorn-walk" "^8.1.1"
    "arg" "^4.1.0"
    "create-require" "^1.1.0"
    "diff" "^4.0.1"
    "make-error" "^1.1.1"
    "yn" "3.1.1"

"typescript@>=2.7", "typescript@4.5.4":
  "integrity" "sha512-VgYs2A2QIRuGphtzFV7aQJduJ2gyfTljngLzjpfW9FoYZF6xuw1W0vW9ghCKLfcWrCFxK81CSGRAvS1pn4fIUg=="
  "resolved" "https://registry.npmjs.org/typescript/-/typescript-4.5.4.tgz"
  "version" "4.5.4"

"yn@3.1.1":
  "integrity" "sha512-Ux4ygGWsu2c7isFWe8Yu1YluJmqVhxqK2cLXNQA5AcC3QfbGNpM7fu0Y8b/z16pXLnFxZYvWhd3fhBY9DLmC6Q=="
  "resolved" "https://registry.npmjs.org/yn/-/yn-3.1.1.tgz"
  "version" "3.1.1"
